
Microsoft Visual Studio Solution File, Format Version 12.00
# Visual Studio Version 16
VisualStudioVersion = 16.0.30204.135
MinimumVisualStudioVersion = 10.0.40219.1
Project("{FAE04EC0-301F-11D3-BF4B-00C04F79EFBC}") = "NullObjects", "NullObjects\NullObjects.csproj", "{2B990D3C-D4A3-46FC-BD74-94CC3D547A20}"
EndProject
Global
	GlobalSection(SolutionConfigurationPlatforms) = preSolution
		Debug|Any CPU = Debug|Any CPU
		Release|Any CPU = Release|Any CPU
	EndGlobalSection
	GlobalSection(ProjectConfigurationPlatforms) = postSolution
		{2B990D3C-D4A3-46FC-BD74-94CC3D547A20}.Debug|Any CPU.ActiveCfg = Debug|Any CPU
		{2B990D3C-D4A3-46FC-BD74-94CC3D547A20}.Debug|Any CPU.Build.0 = Debug|Any CPU
		{2B990D3C-D4A3-46FC-BD74-94CC3D547A20}.Release|Any CPU.ActiveCfg = Release|Any CPU
		{2B990D3C-D4A3-46FC-BD74-94CC3D547A20}.Release|Any CPU.Build.0 = Release|Any CPU
	EndGlobalSection
	GlobalSection(SolutionProperties) = preSolution
		HideSolutionNode = FALSE
	EndGlobalSection
	GlobalSection(ExtensibilityGlobals) = postSolution
		SolutionGuid = {3A15FC87-B4A7-43B0-A8C2-24EA268AAC78}
	EndGlobalSection
EndGlobal
